
Microsoft Visual Studio Solution File, Format Version 12.00
# Visual Studio Version 17
VisualStudioVersion = 17.1.32210.238
MinimumVisualStudioVersion = 10.0.40219.1
Project("{9A19103F-16F7-4668-BE54-9A1E7A4F7556}") = "Rookies.Backend", "Rookies.Backend\Rookies.Backend.csproj", "{BFC88330-C05B-44FE-94DE-D12D25000641}"
EndProject
Project("{9A19103F-16F7-4668-BE54-9A1E7A4F7556}") = "Rookies.CustomerSites", "Rookies.CustomerSites\Rookies.CustomerSites.csproj", "{EAFE1AD5-30A3-4A5E-AF78-E6203B688D8F}"
EndProject
Project("{2150E333-8FDC-42A3-9474-1A3956D46DE8}") = "Solution Items", "Solution Items", "{04240ABD-F393-4F06-835F-739AD9F61437}"
	ProjectSection(SolutionItems) = preProject
		.editorconfig = .editorconfig
	EndProjectSection
EndProject
Project("{FAE04EC0-301F-11D3-BF4B-00C04F79EFBC}") = "Rookies.Shared", "Rookies.Shared\Rookies.Shared.csproj", "{C109923B-97E3-4264-B3FF-0DA74DA84688}"
EndProject
Global
	GlobalSection(SolutionConfigurationPlatforms) = preSolution
		Debug|Any CPU = Debug|Any CPU
		Release|Any CPU = Release|Any CPU
	EndGlobalSection
	GlobalSection(ProjectConfigurationPlatforms) = postSolution
		{BFC88330-C05B-44FE-94DE-D12D25000641}.Debug|Any CPU.ActiveCfg = Debug|Any CPU
		{BFC88330-C05B-44FE-94DE-D12D25000641}.Debug|Any CPU.Build.0 = Debug|Any CPU
		{BFC88330-C05B-44FE-94DE-D12D25000641}.Release|Any CPU.ActiveCfg = Release|Any CPU
		{BFC88330-C05B-44FE-94DE-D12D25000641}.Release|Any CPU.Build.0 = Release|Any CPU
		{EAFE1AD5-30A3-4A5E-AF78-E6203B688D8F}.Debug|Any CPU.ActiveCfg = Debug|Any CPU
		{EAFE1AD5-30A3-4A5E-AF78-E6203B688D8F}.Debug|Any CPU.Build.0 = Debug|Any CPU
		{EAFE1AD5-30A3-4A5E-AF78-E6203B688D8F}.Release|Any CPU.ActiveCfg = Release|Any CPU
		{EAFE1AD5-30A3-4A5E-AF78-E6203B688D8F}.Release|Any CPU.Build.0 = Release|Any CPU
		{C109923B-97E3-4264-B3FF-0DA74DA84688}.Debug|Any CPU.ActiveCfg = Debug|Any CPU
		{C109923B-97E3-4264-B3FF-0DA74DA84688}.Debug|Any CPU.Build.0 = Debug|Any CPU
		{C109923B-97E3-4264-B3FF-0DA74DA84688}.Release|Any CPU.ActiveCfg = Release|Any CPU
		{C109923B-97E3-4264-B3FF-0DA74DA84688}.Release|Any CPU.Build.0 = Release|Any CPU
	EndGlobalSection
	GlobalSection(SolutionProperties) = preSolution
		HideSolutionNode = FALSE
	EndGlobalSection
	GlobalSection(ExtensibilityGlobals) = postSolution
		SolutionGuid = {45CC327D-F481-47C0-8298-CDB33F6B8E1F}
	EndGlobalSection
EndGlobal
